github.com/yulon/go-netil v0.0.0-20241225191716-e5fac2cf3d5b h1:v9bLB46N5pspDxyk4SLA3KPF/t5mzUc3I+LUgDsjvQI=
github.com/yulon/go-netil v0.0.0-20241225191716-e5fac2cf3d5b/go.mod h1:MpBidgarGKpiWZws+/4hJ62SQgkidutbUO8eLiirwfk=
github.com/yulon/go-netil v1.0.0 h1:vPX9iaX3LZdkITU6Wjw8RxgrxWGPNXxWzHAv+YeWzos=
github.com/yulon/go-netil v1.0.0/go.mod h1:MpBidgarGKpiWZws+/4hJ62SQgkidutbUO8eLiirwfk=
